
Microsoft Visual Studio Solution File, Format Version 12.00
# Visual Studio 15
VisualStudioVersion = 15.0.27130.2010
MinimumVisualStudioVersion = 10.0.40219.1
Project("{FAE04EC0-301F-11D3-BF4B-00C04F79EFBC}") = "MetricPrefixConverter", "MetricPrefixConverter\MetricPrefixConverter.csproj", "{D439A78C-ABB9-4DF4-977D-6A9B7674535F}"
EndProject
Global
	GlobalSection(SolutionConfigurationPlatforms) = preSolution
		Debug|Any CPU = Debug|Any CPU
		Release|Any CPU = Release|Any CPU
	EndGlobalSection
	GlobalSection(ProjectConfigurationPlatforms) = postSolution
		{D439A78C-ABB9-4DF4-977D-6A9B7674535F}.Debug|Any CPU.ActiveCfg = Debug|Any CPU
		{D439A78C-ABB9-4DF4-977D-6A9B7674535F}.Debug|Any CPU.Build.0 = Debug|Any CPU
		{D439A78C-ABB9-4DF4-977D-6A9B7674535F}.Release|Any CPU.ActiveCfg = Release|Any CPU
		{D439A78C-ABB9-4DF4-977D-6A9B7674535F}.Release|Any CPU.Build.0 = Release|Any CPU
	EndGlobalSection
	GlobalSection(SolutionProperties) = preSolution
		HideSolutionNode = FALSE
	EndGlobalSection
	GlobalSection(ExtensibilityGlobals) = postSolution
		SolutionGuid = {C1B9B8F6-F331-42C2-8B6E-909798DDC396}
	EndGlobalSection
EndGlobal
