
Microsoft Visual Studio Solution File, Format Version 12.00
# Visual Studio 15
VisualStudioVersion = 15.0.27130.2010
MinimumVisualStudioVersion = 10.0.40219.1
Project("{FAE04EC0-301F-11D3-BF4B-00C04F79EFBC}") = "ShutterAngleCalculator", "ShutterAngleCalculator\ShutterAngleCalculator.csproj", "{7A0BAC92-3F51-4E9B-893F-9D4E1B8A6B43}"
EndProject
Global
	GlobalSection(SolutionConfigurationPlatforms) = preSolution
		Debug|Any CPU = Debug|Any CPU
		Release|Any CPU = Release|Any CPU
	EndGlobalSection
	GlobalSection(ProjectConfigurationPlatforms) = postSolution
		{7A0BAC92-3F51-4E9B-893F-9D4E1B8A6B43}.Debug|Any CPU.ActiveCfg = Debug|Any CPU
		{7A0BAC92-3F51-4E9B-893F-9D4E1B8A6B43}.Debug|Any CPU.Build.0 = Debug|Any CPU
		{7A0BAC92-3F51-4E9B-893F-9D4E1B8A6B43}.Release|Any CPU.ActiveCfg = Release|Any CPU
		{7A0BAC92-3F51-4E9B-893F-9D4E1B8A6B43}.Release|Any CPU.Build.0 = Release|Any CPU
	EndGlobalSection
	GlobalSection(SolutionProperties) = preSolution
		HideSolutionNode = FALSE
	EndGlobalSection
	GlobalSection(ExtensibilityGlobals) = postSolution
		SolutionGuid = {06BC178F-0741-4EDD-99B8-C6B5E546AA79}
	EndGlobalSection
EndGlobal
