
Microsoft Visual Studio Solution File, Format Version 12.00
# Visual Studio 15
VisualStudioVersion = 15.0.27130.2010
MinimumVisualStudioVersion = 10.0.40219.1
Project("{FAE04EC0-301F-11D3-BF4B-00C04F79EFBC}") = "ZeroToThePowerOfZero", "ZeroToThePowerOfZero\ZeroToThePowerOfZero.csproj", "{B2A88F0F-A38E-483E-8307-AAED541A6F17}"
EndProject
Global
	GlobalSection(SolutionConfigurationPlatforms) = preSolution
		Debug|Any CPU = Debug|Any CPU
		Release|Any CPU = Release|Any CPU
	EndGlobalSection
	GlobalSection(ProjectConfigurationPlatforms) = postSolution
		{B2A88F0F-A38E-483E-8307-AAED541A6F17}.Debug|Any CPU.ActiveCfg = Debug|Any CPU
		{B2A88F0F-A38E-483E-8307-AAED541A6F17}.Debug|Any CPU.Build.0 = Debug|Any CPU
		{B2A88F0F-A38E-483E-8307-AAED541A6F17}.Release|Any CPU.ActiveCfg = Release|Any CPU
		{B2A88F0F-A38E-483E-8307-AAED541A6F17}.Release|Any CPU.Build.0 = Release|Any CPU
	EndGlobalSection
	GlobalSection(SolutionProperties) = preSolution
		HideSolutionNode = FALSE
	EndGlobalSection
	GlobalSection(ExtensibilityGlobals) = postSolution
		SolutionGuid = {341E3655-C83E-4A41-BD80-6E51E2730863}
	EndGlobalSection
EndGlobal
