
Microsoft Visual Studio Solution File, Format Version 12.00
# Visual Studio 15
VisualStudioVersion = 15.0.27130.2010
MinimumVisualStudioVersion = 10.0.40219.1
Project("{FAE04EC0-301F-11D3-BF4B-00C04F79EFBC}") = "SmallestNumberToContainAllFactors", "SmallestNumberToContainAllFactors\SmallestNumberToContainAllFactors.csproj", "{770CD7C9-ADC4-44A2-B7C9-27AC67304B37}"
EndProject
Global
	GlobalSection(SolutionConfigurationPlatforms) = preSolution
		Debug|Any CPU = Debug|Any CPU
		Release|Any CPU = Release|Any CPU
	EndGlobalSection
	GlobalSection(ProjectConfigurationPlatforms) = postSolution
		{770CD7C9-ADC4-44A2-B7C9-27AC67304B37}.Debug|Any CPU.ActiveCfg = Debug|Any CPU
		{770CD7C9-ADC4-44A2-B7C9-27AC67304B37}.Debug|Any CPU.Build.0 = Debug|Any CPU
		{770CD7C9-ADC4-44A2-B7C9-27AC67304B37}.Release|Any CPU.ActiveCfg = Release|Any CPU
		{770CD7C9-ADC4-44A2-B7C9-27AC67304B37}.Release|Any CPU.Build.0 = Release|Any CPU
	EndGlobalSection
	GlobalSection(SolutionProperties) = preSolution
		HideSolutionNode = FALSE
	EndGlobalSection
	GlobalSection(ExtensibilityGlobals) = postSolution
		SolutionGuid = {D2DE9D09-893C-4A8D-92C6-552B23DD480D}
	EndGlobalSection
EndGlobal
