
Microsoft Visual Studio Solution File, Format Version 12.00
# Visual Studio 15
VisualStudioVersion = 15.0.27130.2010
MinimumVisualStudioVersion = 10.0.40219.1
Project("{FAE04EC0-301F-11D3-BF4B-00C04F79EFBC}") = "HomemadeCalculatorUsingIncrementation", "HomemadeCalculatorUsingIncrementation\HomemadeCalculatorUsingIncrementation.csproj", "{F2B08D8D-4EE9-417B-99BD-DA4D409D7CBB}"
EndProject
Global
	GlobalSection(SolutionConfigurationPlatforms) = preSolution
		Debug|Any CPU = Debug|Any CPU
		Release|Any CPU = Release|Any CPU
	EndGlobalSection
	GlobalSection(ProjectConfigurationPlatforms) = postSolution
		{F2B08D8D-4EE9-417B-99BD-DA4D409D7CBB}.Debug|Any CPU.ActiveCfg = Debug|Any CPU
		{F2B08D8D-4EE9-417B-99BD-DA4D409D7CBB}.Debug|Any CPU.Build.0 = Debug|Any CPU
		{F2B08D8D-4EE9-417B-99BD-DA4D409D7CBB}.Release|Any CPU.ActiveCfg = Release|Any CPU
		{F2B08D8D-4EE9-417B-99BD-DA4D409D7CBB}.Release|Any CPU.Build.0 = Release|Any CPU
	EndGlobalSection
	GlobalSection(SolutionProperties) = preSolution
		HideSolutionNode = FALSE
	EndGlobalSection
	GlobalSection(ExtensibilityGlobals) = postSolution
		SolutionGuid = {D60F085D-B10C-4F41-95BC-46F1180DEE6D}
	EndGlobalSection
EndGlobal
