
Microsoft Visual Studio Solution File, Format Version 12.00
# Visual Studio 15
VisualStudioVersion = 15.0.27130.2010
MinimumVisualStudioVersion = 10.0.40219.1
Project("{FAE04EC0-301F-11D3-BF4B-00C04F79EFBC}") = "UnitConverter_CLI", "UnitConverter_CLI\UnitConverter_CLI.csproj", "{33705D2C-0F4D-41AF-AD3F-FCEFC362196E}"
EndProject
Global
	GlobalSection(SolutionConfigurationPlatforms) = preSolution
		Debug|Any CPU = Debug|Any CPU
		Release|Any CPU = Release|Any CPU
	EndGlobalSection
	GlobalSection(ProjectConfigurationPlatforms) = postSolution
		{33705D2C-0F4D-41AF-AD3F-FCEFC362196E}.Debug|Any CPU.ActiveCfg = Debug|Any CPU
		{33705D2C-0F4D-41AF-AD3F-FCEFC362196E}.Debug|Any CPU.Build.0 = Debug|Any CPU
		{33705D2C-0F4D-41AF-AD3F-FCEFC362196E}.Release|Any CPU.ActiveCfg = Release|Any CPU
		{33705D2C-0F4D-41AF-AD3F-FCEFC362196E}.Release|Any CPU.Build.0 = Release|Any CPU
	EndGlobalSection
	GlobalSection(SolutionProperties) = preSolution
		HideSolutionNode = FALSE
	EndGlobalSection
	GlobalSection(ExtensibilityGlobals) = postSolution
		SolutionGuid = {31728B8F-0AC1-45E5-BEE8-C2DE86C23011}
	EndGlobalSection
EndGlobal
