
Microsoft Visual Studio Solution File, Format Version 12.00
# Visual Studio 15
VisualStudioVersion = 15.0.27130.2010
MinimumVisualStudioVersion = 10.0.40219.1
Project("{FAE04EC0-301F-11D3-BF4B-00C04F79EFBC}") = "NumberToMetricPrefix", "NumberToMetricPrefix\NumberToMetricPrefix.csproj", "{D1EFB685-A687-4C27-AE37-74D1588F66AD}"
EndProject
Global
	GlobalSection(SolutionConfigurationPlatforms) = preSolution
		Debug|Any CPU = Debug|Any CPU
		Release|Any CPU = Release|Any CPU
	EndGlobalSection
	GlobalSection(ProjectConfigurationPlatforms) = postSolution
		{D1EFB685-A687-4C27-AE37-74D1588F66AD}.Debug|Any CPU.ActiveCfg = Debug|Any CPU
		{D1EFB685-A687-4C27-AE37-74D1588F66AD}.Debug|Any CPU.Build.0 = Debug|Any CPU
		{D1EFB685-A687-4C27-AE37-74D1588F66AD}.Release|Any CPU.ActiveCfg = Release|Any CPU
		{D1EFB685-A687-4C27-AE37-74D1588F66AD}.Release|Any CPU.Build.0 = Release|Any CPU
	EndGlobalSection
	GlobalSection(SolutionProperties) = preSolution
		HideSolutionNode = FALSE
	EndGlobalSection
	GlobalSection(ExtensibilityGlobals) = postSolution
		SolutionGuid = {354657FC-D9DD-41B2-9E44-F1D3E3BE9C1A}
	EndGlobalSection
EndGlobal
