
Microsoft Visual Studio Solution File, Format Version 12.00
# Visual Studio 15
VisualStudioVersion = 15.0.27130.2010
MinimumVisualStudioVersion = 10.0.40219.1
Project("{FAE04EC0-301F-11D3-BF4B-00C04F79EFBC}") = "Revised12hourClock", "Revised12hourClock\Revised12hourClock.csproj", "{AE200051-3364-4A2F-871C-8E2CA738002B}"
EndProject
Global
	GlobalSection(SolutionConfigurationPlatforms) = preSolution
		Debug|Any CPU = Debug|Any CPU
		Release|Any CPU = Release|Any CPU
	EndGlobalSection
	GlobalSection(ProjectConfigurationPlatforms) = postSolution
		{AE200051-3364-4A2F-871C-8E2CA738002B}.Debug|Any CPU.ActiveCfg = Debug|Any CPU
		{AE200051-3364-4A2F-871C-8E2CA738002B}.Debug|Any CPU.Build.0 = Debug|Any CPU
		{AE200051-3364-4A2F-871C-8E2CA738002B}.Release|Any CPU.ActiveCfg = Release|Any CPU
		{AE200051-3364-4A2F-871C-8E2CA738002B}.Release|Any CPU.Build.0 = Release|Any CPU
	EndGlobalSection
	GlobalSection(SolutionProperties) = preSolution
		HideSolutionNode = FALSE
	EndGlobalSection
	GlobalSection(ExtensibilityGlobals) = postSolution
		SolutionGuid = {D17C3573-43C0-4D20-85EE-6A6B194C06F2}
	EndGlobalSection
EndGlobal
