
Microsoft Visual Studio Solution File, Format Version 12.00
# Visual Studio 15
VisualStudioVersion = 15.0.27130.2010
MinimumVisualStudioVersion = 10.0.40219.1
Project("{FAE04EC0-301F-11D3-BF4B-00C04F79EFBC}") = "DateFormatter", "DateFormatter\DateFormatter.csproj", "{90FF53A7-0AF7-4669-B569-D1942EB428FB}"
EndProject
Global
	GlobalSection(SolutionConfigurationPlatforms) = preSolution
		Debug|Any CPU = Debug|Any CPU
		Release|Any CPU = Release|Any CPU
	EndGlobalSection
	GlobalSection(ProjectConfigurationPlatforms) = postSolution
		{90FF53A7-0AF7-4669-B569-D1942EB428FB}.Debug|Any CPU.ActiveCfg = Debug|Any CPU
		{90FF53A7-0AF7-4669-B569-D1942EB428FB}.Debug|Any CPU.Build.0 = Debug|Any CPU
		{90FF53A7-0AF7-4669-B569-D1942EB428FB}.Release|Any CPU.ActiveCfg = Release|Any CPU
		{90FF53A7-0AF7-4669-B569-D1942EB428FB}.Release|Any CPU.Build.0 = Release|Any CPU
	EndGlobalSection
	GlobalSection(SolutionProperties) = preSolution
		HideSolutionNode = FALSE
	EndGlobalSection
	GlobalSection(ExtensibilityGlobals) = postSolution
		SolutionGuid = {34E94598-0783-4AB5-AC05-38465D9F58E0}
	EndGlobalSection
EndGlobal
