
Microsoft Visual Studio Solution File, Format Version 12.00
# Visual Studio 15
VisualStudioVersion = 15.0.27130.2010
MinimumVisualStudioVersion = 10.0.40219.1
Project("{FAE04EC0-301F-11D3-BF4B-00C04F79EFBC}") = "UTF8Writer", "UTF8Writer\UTF8Writer.csproj", "{5D921F3B-2B81-44D5-8042-040BBADC0DBC}"
EndProject
Global
	GlobalSection(SolutionConfigurationPlatforms) = preSolution
		Debug|Any CPU = Debug|Any CPU
		Release|Any CPU = Release|Any CPU
	EndGlobalSection
	GlobalSection(ProjectConfigurationPlatforms) = postSolution
		{5D921F3B-2B81-44D5-8042-040BBADC0DBC}.Debug|Any CPU.ActiveCfg = Debug|Any CPU
		{5D921F3B-2B81-44D5-8042-040BBADC0DBC}.Debug|Any CPU.Build.0 = Debug|Any CPU
		{5D921F3B-2B81-44D5-8042-040BBADC0DBC}.Release|Any CPU.ActiveCfg = Release|Any CPU
		{5D921F3B-2B81-44D5-8042-040BBADC0DBC}.Release|Any CPU.Build.0 = Release|Any CPU
	EndGlobalSection
	GlobalSection(SolutionProperties) = preSolution
		HideSolutionNode = FALSE
	EndGlobalSection
	GlobalSection(ExtensibilityGlobals) = postSolution
		SolutionGuid = {E1673A21-2BBD-4C99-BCF0-4A526CA41808}
	EndGlobalSection
EndGlobal
