
Microsoft Visual Studio Solution File, Format Version 12.00
# Visual Studio 15
VisualStudioVersion = 15.0.27130.2010
MinimumVisualStudioVersion = 10.0.40219.1
Project("{FAE04EC0-301F-11D3-BF4B-00C04F79EFBC}") = "HomemadeCalculator", "HomemadeCalculator\HomemadeCalculator.csproj", "{68344361-1838-4E2A-82D8-4883217A1B7D}"
EndProject
Global
	GlobalSection(SolutionConfigurationPlatforms) = preSolution
		Debug|Any CPU = Debug|Any CPU
		Release|Any CPU = Release|Any CPU
	EndGlobalSection
	GlobalSection(ProjectConfigurationPlatforms) = postSolution
		{68344361-1838-4E2A-82D8-4883217A1B7D}.Debug|Any CPU.ActiveCfg = Debug|Any CPU
		{68344361-1838-4E2A-82D8-4883217A1B7D}.Debug|Any CPU.Build.0 = Debug|Any CPU
		{68344361-1838-4E2A-82D8-4883217A1B7D}.Release|Any CPU.ActiveCfg = Release|Any CPU
		{68344361-1838-4E2A-82D8-4883217A1B7D}.Release|Any CPU.Build.0 = Release|Any CPU
	EndGlobalSection
	GlobalSection(SolutionProperties) = preSolution
		HideSolutionNode = FALSE
	EndGlobalSection
	GlobalSection(ExtensibilityGlobals) = postSolution
		SolutionGuid = {AFA446D8-B778-458D-B513-D3E28D36B949}
	EndGlobalSection
EndGlobal
