
Microsoft Visual Studio Solution File, Format Version 12.00
# Visual Studio 15
VisualStudioVersion = 15.0.27130.2010
MinimumVisualStudioVersion = 10.0.40219.1
Project("{FAE04EC0-301F-11D3-BF4B-00C04F79EFBC}") = "DataGridViewTest", "DataGridViewTest\DataGridViewTest.csproj", "{1DB2A9B7-433C-45A8-AD44-8CB70220354C}"
EndProject
Global
	GlobalSection(SolutionConfigurationPlatforms) = preSolution
		Debug|Any CPU = Debug|Any CPU
		Release|Any CPU = Release|Any CPU
	EndGlobalSection
	GlobalSection(ProjectConfigurationPlatforms) = postSolution
		{1DB2A9B7-433C-45A8-AD44-8CB70220354C}.Debug|Any CPU.ActiveCfg = Debug|Any CPU
		{1DB2A9B7-433C-45A8-AD44-8CB70220354C}.Debug|Any CPU.Build.0 = Debug|Any CPU
		{1DB2A9B7-433C-45A8-AD44-8CB70220354C}.Release|Any CPU.ActiveCfg = Release|Any CPU
		{1DB2A9B7-433C-45A8-AD44-8CB70220354C}.Release|Any CPU.Build.0 = Release|Any CPU
	EndGlobalSection
	GlobalSection(SolutionProperties) = preSolution
		HideSolutionNode = FALSE
	EndGlobalSection
	GlobalSection(ExtensibilityGlobals) = postSolution
		SolutionGuid = {A3231469-265D-447C-AEFC-45A064072CA4}
	EndGlobalSection
EndGlobal
