
Microsoft Visual Studio Solution File, Format Version 12.00
# Visual Studio 15
VisualStudioVersion = 15.0.27130.2010
MinimumVisualStudioVersion = 10.0.40219.1
Project("{FAE04EC0-301F-11D3-BF4B-00C04F79EFBC}") = "AspectRatioCalculator", "AspectRatioCalculator\AspectRatioCalculator.csproj", "{3EF7E60D-3E45-43D0-B3CC-7B23800B6443}"
EndProject
Global
	GlobalSection(SolutionConfigurationPlatforms) = preSolution
		Debug|Any CPU = Debug|Any CPU
		Release|Any CPU = Release|Any CPU
	EndGlobalSection
	GlobalSection(ProjectConfigurationPlatforms) = postSolution
		{3EF7E60D-3E45-43D0-B3CC-7B23800B6443}.Debug|Any CPU.ActiveCfg = Debug|Any CPU
		{3EF7E60D-3E45-43D0-B3CC-7B23800B6443}.Debug|Any CPU.Build.0 = Debug|Any CPU
		{3EF7E60D-3E45-43D0-B3CC-7B23800B6443}.Release|Any CPU.ActiveCfg = Release|Any CPU
		{3EF7E60D-3E45-43D0-B3CC-7B23800B6443}.Release|Any CPU.Build.0 = Release|Any CPU
	EndGlobalSection
	GlobalSection(SolutionProperties) = preSolution
		HideSolutionNode = FALSE
	EndGlobalSection
	GlobalSection(ExtensibilityGlobals) = postSolution
		SolutionGuid = {B9C67E67-70E8-4AEA-9EA2-80EB730B0772}
	EndGlobalSection
EndGlobal
