
Microsoft Visual Studio Solution File, Format Version 12.00
# Visual Studio 15
VisualStudioVersion = 15.0.27130.2010
MinimumVisualStudioVersion = 10.0.40219.1
Project("{FAE04EC0-301F-11D3-BF4B-00C04F79EFBC}") = "Tan90", "Tan90\Tan90.csproj", "{29C19D64-9DD6-4CBA-B67D-0B2ED0776C05}"
EndProject
Global
	GlobalSection(SolutionConfigurationPlatforms) = preSolution
		Debug|Any CPU = Debug|Any CPU
		Release|Any CPU = Release|Any CPU
	EndGlobalSection
	GlobalSection(ProjectConfigurationPlatforms) = postSolution
		{29C19D64-9DD6-4CBA-B67D-0B2ED0776C05}.Debug|Any CPU.ActiveCfg = Debug|Any CPU
		{29C19D64-9DD6-4CBA-B67D-0B2ED0776C05}.Debug|Any CPU.Build.0 = Debug|Any CPU
		{29C19D64-9DD6-4CBA-B67D-0B2ED0776C05}.Release|Any CPU.ActiveCfg = Release|Any CPU
		{29C19D64-9DD6-4CBA-B67D-0B2ED0776C05}.Release|Any CPU.Build.0 = Release|Any CPU
	EndGlobalSection
	GlobalSection(SolutionProperties) = preSolution
		HideSolutionNode = FALSE
	EndGlobalSection
	GlobalSection(ExtensibilityGlobals) = postSolution
		SolutionGuid = {C8415EAF-931E-4593-BDC0-0C2913D26490}
	EndGlobalSection
EndGlobal
