
Microsoft Visual Studio Solution File, Format Version 12.00
# Visual Studio 15
VisualStudioVersion = 15.0.27130.2010
MinimumVisualStudioVersion = 10.0.40219.1
Project("{FAE04EC0-301F-11D3-BF4B-00C04F79EFBC}") = "BasePowerOf2Writer", "BasePowerOf2Writer\BasePowerOf2Writer.csproj", "{AEFBD05B-83DA-486C-8467-572DF7158BED}"
EndProject
Global
	GlobalSection(SolutionConfigurationPlatforms) = preSolution
		Debug|Any CPU = Debug|Any CPU
		Release|Any CPU = Release|Any CPU
	EndGlobalSection
	GlobalSection(ProjectConfigurationPlatforms) = postSolution
		{AEFBD05B-83DA-486C-8467-572DF7158BED}.Debug|Any CPU.ActiveCfg = Debug|Any CPU
		{AEFBD05B-83DA-486C-8467-572DF7158BED}.Debug|Any CPU.Build.0 = Debug|Any CPU
		{AEFBD05B-83DA-486C-8467-572DF7158BED}.Release|Any CPU.ActiveCfg = Release|Any CPU
		{AEFBD05B-83DA-486C-8467-572DF7158BED}.Release|Any CPU.Build.0 = Release|Any CPU
	EndGlobalSection
	GlobalSection(SolutionProperties) = preSolution
		HideSolutionNode = FALSE
	EndGlobalSection
	GlobalSection(ExtensibilityGlobals) = postSolution
		SolutionGuid = {6E375420-B507-4CAA-80A1-4B85B2B5D875}
	EndGlobalSection
EndGlobal
