
Microsoft Visual Studio Solution File, Format Version 12.00
# Visual Studio 15
VisualStudioVersion = 15.0.27130.2010
MinimumVisualStudioVersion = 10.0.40219.1
Project("{FAE04EC0-301F-11D3-BF4B-00C04F79EFBC}") = "UTF32Writer", "UTF32Writer\UTF32Writer.csproj", "{FC4EAD64-56F8-402A-AA3A-72143A7F5B58}"
EndProject
Global
	GlobalSection(SolutionConfigurationPlatforms) = preSolution
		Debug|Any CPU = Debug|Any CPU
		Release|Any CPU = Release|Any CPU
	EndGlobalSection
	GlobalSection(ProjectConfigurationPlatforms) = postSolution
		{FC4EAD64-56F8-402A-AA3A-72143A7F5B58}.Debug|Any CPU.ActiveCfg = Debug|Any CPU
		{FC4EAD64-56F8-402A-AA3A-72143A7F5B58}.Debug|Any CPU.Build.0 = Debug|Any CPU
		{FC4EAD64-56F8-402A-AA3A-72143A7F5B58}.Release|Any CPU.ActiveCfg = Release|Any CPU
		{FC4EAD64-56F8-402A-AA3A-72143A7F5B58}.Release|Any CPU.Build.0 = Release|Any CPU
	EndGlobalSection
	GlobalSection(SolutionProperties) = preSolution
		HideSolutionNode = FALSE
	EndGlobalSection
	GlobalSection(ExtensibilityGlobals) = postSolution
		SolutionGuid = {AAC3AFC6-4B21-4426-ACE4-259F887254AD}
	EndGlobalSection
EndGlobal
