
Microsoft Visual Studio Solution File, Format Version 12.00
# Visual Studio 15
VisualStudioVersion = 15.0.27130.2010
MinimumVisualStudioVersion = 10.0.40219.1
Project("{FAE04EC0-301F-11D3-BF4B-00C04F79EFBC}") = "ComputerShop", "ComputerShop\ComputerShop.csproj", "{5058303C-E703-419A-AF9E-F463D0797E3C}"
EndProject
Global
	GlobalSection(SolutionConfigurationPlatforms) = preSolution
		Debug|Any CPU = Debug|Any CPU
		Release|Any CPU = Release|Any CPU
	EndGlobalSection
	GlobalSection(ProjectConfigurationPlatforms) = postSolution
		{5058303C-E703-419A-AF9E-F463D0797E3C}.Debug|Any CPU.ActiveCfg = Debug|Any CPU
		{5058303C-E703-419A-AF9E-F463D0797E3C}.Debug|Any CPU.Build.0 = Debug|Any CPU
		{5058303C-E703-419A-AF9E-F463D0797E3C}.Release|Any CPU.ActiveCfg = Release|Any CPU
		{5058303C-E703-419A-AF9E-F463D0797E3C}.Release|Any CPU.Build.0 = Release|Any CPU
	EndGlobalSection
	GlobalSection(SolutionProperties) = preSolution
		HideSolutionNode = FALSE
	EndGlobalSection
	GlobalSection(ExtensibilityGlobals) = postSolution
		SolutionGuid = {5EF0B403-8976-4787-B37F-1AB230B4E436}
	EndGlobalSection
EndGlobal
