
Microsoft Visual Studio Solution File, Format Version 12.00
# Visual Studio 15
VisualStudioVersion = 15.0.27130.2010
MinimumVisualStudioVersion = 10.0.40219.1
Project("{FAE04EC0-301F-11D3-BF4B-00C04F79EFBC}") = "NumberToSevenSegment", "NumberToSevenSegment\NumberToSevenSegment.csproj", "{45B652A0-067D-4C8C-9492-50923A243548}"
EndProject
Global
	GlobalSection(SolutionConfigurationPlatforms) = preSolution
		Debug|Any CPU = Debug|Any CPU
		Release|Any CPU = Release|Any CPU
	EndGlobalSection
	GlobalSection(ProjectConfigurationPlatforms) = postSolution
		{45B652A0-067D-4C8C-9492-50923A243548}.Debug|Any CPU.ActiveCfg = Debug|Any CPU
		{45B652A0-067D-4C8C-9492-50923A243548}.Debug|Any CPU.Build.0 = Debug|Any CPU
		{45B652A0-067D-4C8C-9492-50923A243548}.Release|Any CPU.ActiveCfg = Release|Any CPU
		{45B652A0-067D-4C8C-9492-50923A243548}.Release|Any CPU.Build.0 = Release|Any CPU
	EndGlobalSection
	GlobalSection(SolutionProperties) = preSolution
		HideSolutionNode = FALSE
	EndGlobalSection
	GlobalSection(ExtensibilityGlobals) = postSolution
		SolutionGuid = {EF558C54-B0E7-4465-924F-69966108042B}
	EndGlobalSection
EndGlobal
