
Microsoft Visual Studio Solution File, Format Version 12.00
# Visual Studio 15
VisualStudioVersion = 15.0.27130.2010
MinimumVisualStudioVersion = 10.0.40219.1
Project("{FAE04EC0-301F-11D3-BF4B-00C04F79EFBC}") = "BMI Calculator", "BMI Calculator\BMI Calculator.csproj", "{D0FDB5A7-B820-4AD3-B2D7-487DA8375053}"
EndProject
Global
	GlobalSection(SolutionConfigurationPlatforms) = preSolution
		Debug|Any CPU = Debug|Any CPU
		Release|Any CPU = Release|Any CPU
	EndGlobalSection
	GlobalSection(ProjectConfigurationPlatforms) = postSolution
		{D0FDB5A7-B820-4AD3-B2D7-487DA8375053}.Debug|Any CPU.ActiveCfg = Debug|Any CPU
		{D0FDB5A7-B820-4AD3-B2D7-487DA8375053}.Debug|Any CPU.Build.0 = Debug|Any CPU
		{D0FDB5A7-B820-4AD3-B2D7-487DA8375053}.Release|Any CPU.ActiveCfg = Release|Any CPU
		{D0FDB5A7-B820-4AD3-B2D7-487DA8375053}.Release|Any CPU.Build.0 = Release|Any CPU
	EndGlobalSection
	GlobalSection(SolutionProperties) = preSolution
		HideSolutionNode = FALSE
	EndGlobalSection
	GlobalSection(ExtensibilityGlobals) = postSolution
		SolutionGuid = {2A573FD2-F056-4900-9341-5DA9146265FA}
	EndGlobalSection
EndGlobal
