
Microsoft Visual Studio Solution File, Format Version 12.00
# Visual Studio 15
VisualStudioVersion = 15.0.27130.2010
MinimumVisualStudioVersion = 10.0.40219.1
Project("{FAE04EC0-301F-11D3-BF4B-00C04F79EFBC}") = "TrasferFileDates", "TrasferFileDates\TrasferFileDates.csproj", "{7CEB908A-A6D5-4352-93CD-2637C33DB87F}"
EndProject
Global
	GlobalSection(SolutionConfigurationPlatforms) = preSolution
		Debug|Any CPU = Debug|Any CPU
		Release|Any CPU = Release|Any CPU
	EndGlobalSection
	GlobalSection(ProjectConfigurationPlatforms) = postSolution
		{7CEB908A-A6D5-4352-93CD-2637C33DB87F}.Debug|Any CPU.ActiveCfg = Debug|Any CPU
		{7CEB908A-A6D5-4352-93CD-2637C33DB87F}.Debug|Any CPU.Build.0 = Debug|Any CPU
		{7CEB908A-A6D5-4352-93CD-2637C33DB87F}.Release|Any CPU.ActiveCfg = Release|Any CPU
		{7CEB908A-A6D5-4352-93CD-2637C33DB87F}.Release|Any CPU.Build.0 = Release|Any CPU
	EndGlobalSection
	GlobalSection(SolutionProperties) = preSolution
		HideSolutionNode = FALSE
	EndGlobalSection
	GlobalSection(ExtensibilityGlobals) = postSolution
		SolutionGuid = {3465AB72-CD9F-4352-B8A4-384397AC97FA}
	EndGlobalSection
EndGlobal
