
Microsoft Visual Studio Solution File, Format Version 12.00
# Visual Studio 15
VisualStudioVersion = 15.0.27130.2010
MinimumVisualStudioVersion = 10.0.40219.1
Project("{FAE04EC0-301F-11D3-BF4B-00C04F79EFBC}") = "CSV_to_TableTXT", "CSV_to_TableTXT\CSV_to_TableTXT.csproj", "{6BFC435C-690B-4B1E-B134-1E97782F7A24}"
EndProject
Global
	GlobalSection(SolutionConfigurationPlatforms) = preSolution
		Debug|Any CPU = Debug|Any CPU
		Release|Any CPU = Release|Any CPU
	EndGlobalSection
	GlobalSection(ProjectConfigurationPlatforms) = postSolution
		{6BFC435C-690B-4B1E-B134-1E97782F7A24}.Debug|Any CPU.ActiveCfg = Debug|Any CPU
		{6BFC435C-690B-4B1E-B134-1E97782F7A24}.Debug|Any CPU.Build.0 = Debug|Any CPU
		{6BFC435C-690B-4B1E-B134-1E97782F7A24}.Release|Any CPU.ActiveCfg = Release|Any CPU
		{6BFC435C-690B-4B1E-B134-1E97782F7A24}.Release|Any CPU.Build.0 = Release|Any CPU
	EndGlobalSection
	GlobalSection(SolutionProperties) = preSolution
		HideSolutionNode = FALSE
	EndGlobalSection
	GlobalSection(ExtensibilityGlobals) = postSolution
		SolutionGuid = {8810301E-1027-4F02-AD80-01C7B79E7E52}
	EndGlobalSection
EndGlobal
