
Microsoft Visual Studio Solution File, Format Version 12.00
# Visual Studio 15
VisualStudioVersion = 15.0.27130.2010
MinimumVisualStudioVersion = 10.0.40219.1
Project("{FAE04EC0-301F-11D3-BF4B-00C04F79EFBC}") = "ManualDivision", "ManualDivision\ManualDivision.csproj", "{8D4D74E4-9FA1-4696-901A-4B3429B4AEDE}"
EndProject
Global
	GlobalSection(SolutionConfigurationPlatforms) = preSolution
		Debug|Any CPU = Debug|Any CPU
		Release|Any CPU = Release|Any CPU
	EndGlobalSection
	GlobalSection(ProjectConfigurationPlatforms) = postSolution
		{8D4D74E4-9FA1-4696-901A-4B3429B4AEDE}.Debug|Any CPU.ActiveCfg = Debug|Any CPU
		{8D4D74E4-9FA1-4696-901A-4B3429B4AEDE}.Debug|Any CPU.Build.0 = Debug|Any CPU
		{8D4D74E4-9FA1-4696-901A-4B3429B4AEDE}.Release|Any CPU.ActiveCfg = Release|Any CPU
		{8D4D74E4-9FA1-4696-901A-4B3429B4AEDE}.Release|Any CPU.Build.0 = Release|Any CPU
	EndGlobalSection
	GlobalSection(SolutionProperties) = preSolution
		HideSolutionNode = FALSE
	EndGlobalSection
	GlobalSection(ExtensibilityGlobals) = postSolution
		SolutionGuid = {8C8EC711-972E-4B70-A1E4-B13A863C34D7}
	EndGlobalSection
EndGlobal
