
Microsoft Visual Studio Solution File, Format Version 12.00
# Visual Studio 15
VisualStudioVersion = 15.0.27130.2010
MinimumVisualStudioVersion = 10.0.40219.1
Project("{FAE04EC0-301F-11D3-BF4B-00C04F79EFBC}") = "Tetration", "Tetration\Tetration.csproj", "{39C1C93F-B774-4822-9E58-5DA731F50598}"
EndProject
Global
	GlobalSection(SolutionConfigurationPlatforms) = preSolution
		Debug|Any CPU = Debug|Any CPU
		Release|Any CPU = Release|Any CPU
	EndGlobalSection
	GlobalSection(ProjectConfigurationPlatforms) = postSolution
		{39C1C93F-B774-4822-9E58-5DA731F50598}.Debug|Any CPU.ActiveCfg = Debug|Any CPU
		{39C1C93F-B774-4822-9E58-5DA731F50598}.Debug|Any CPU.Build.0 = Debug|Any CPU
		{39C1C93F-B774-4822-9E58-5DA731F50598}.Release|Any CPU.ActiveCfg = Release|Any CPU
		{39C1C93F-B774-4822-9E58-5DA731F50598}.Release|Any CPU.Build.0 = Release|Any CPU
	EndGlobalSection
	GlobalSection(SolutionProperties) = preSolution
		HideSolutionNode = FALSE
	EndGlobalSection
	GlobalSection(ExtensibilityGlobals) = postSolution
		SolutionGuid = {9C658E54-6BBB-4298-AEA7-41839F36001C}
	EndGlobalSection
EndGlobal
