
Microsoft Visual Studio Solution File, Format Version 12.00
# Visual Studio 15
VisualStudioVersion = 15.0.27130.2010
MinimumVisualStudioVersion = 10.0.40219.1
Project("{FAE04EC0-301F-11D3-BF4B-00C04F79EFBC}") = "NumberWords", "NumberWords\NumberWords.csproj", "{314FDD02-8546-47A6-9FC8-C278EB1C8B09}"
EndProject
Global
	GlobalSection(SolutionConfigurationPlatforms) = preSolution
		Debug|Any CPU = Debug|Any CPU
		Release|Any CPU = Release|Any CPU
	EndGlobalSection
	GlobalSection(ProjectConfigurationPlatforms) = postSolution
		{314FDD02-8546-47A6-9FC8-C278EB1C8B09}.Debug|Any CPU.ActiveCfg = Debug|Any CPU
		{314FDD02-8546-47A6-9FC8-C278EB1C8B09}.Debug|Any CPU.Build.0 = Debug|Any CPU
		{314FDD02-8546-47A6-9FC8-C278EB1C8B09}.Release|Any CPU.ActiveCfg = Release|Any CPU
		{314FDD02-8546-47A6-9FC8-C278EB1C8B09}.Release|Any CPU.Build.0 = Release|Any CPU
	EndGlobalSection
	GlobalSection(SolutionProperties) = preSolution
		HideSolutionNode = FALSE
	EndGlobalSection
	GlobalSection(ExtensibilityGlobals) = postSolution
		SolutionGuid = {E2EA95E5-BBE4-440E-A218-4EE464844308}
	EndGlobalSection
EndGlobal
