
Microsoft Visual Studio Solution File, Format Version 12.00
# Visual Studio 15
VisualStudioVersion = 15.0.27130.2010
MinimumVisualStudioVersion = 10.0.40219.1
Project("{FAE04EC0-301F-11D3-BF4B-00C04F79EFBC}") = "TotalSRTDuration", "TotalSRTDuration\TotalSRTDuration.csproj", "{D0BC941B-AEB3-4C68-8723-608E3692034C}"
EndProject
Global
	GlobalSection(SolutionConfigurationPlatforms) = preSolution
		Debug|Any CPU = Debug|Any CPU
		Release|Any CPU = Release|Any CPU
	EndGlobalSection
	GlobalSection(ProjectConfigurationPlatforms) = postSolution
		{D0BC941B-AEB3-4C68-8723-608E3692034C}.Debug|Any CPU.ActiveCfg = Debug|Any CPU
		{D0BC941B-AEB3-4C68-8723-608E3692034C}.Debug|Any CPU.Build.0 = Debug|Any CPU
		{D0BC941B-AEB3-4C68-8723-608E3692034C}.Release|Any CPU.ActiveCfg = Release|Any CPU
		{D0BC941B-AEB3-4C68-8723-608E3692034C}.Release|Any CPU.Build.0 = Release|Any CPU
	EndGlobalSection
	GlobalSection(SolutionProperties) = preSolution
		HideSolutionNode = FALSE
	EndGlobalSection
	GlobalSection(ExtensibilityGlobals) = postSolution
		SolutionGuid = {4CA416F3-51B1-4222-9162-EFF544200611}
	EndGlobalSection
EndGlobal
