
Microsoft Visual Studio Solution File, Format Version 12.00
# Visual Studio 15
VisualStudioVersion = 15.0.27130.2010
MinimumVisualStudioVersion = 10.0.40219.1
Project("{FAE04EC0-301F-11D3-BF4B-00C04F79EFBC}") = "CreateMonthTimestampsFromSrtDates", "CreateMonthTimestampsFromSrtDates\CreateMonthTimestampsFromSrtDates.csproj", "{B9AE064D-4D84-47A9-AF2A-9C94AB441B16}"
EndProject
Global
	GlobalSection(SolutionConfigurationPlatforms) = preSolution
		Debug|Any CPU = Debug|Any CPU
		Release|Any CPU = Release|Any CPU
	EndGlobalSection
	GlobalSection(ProjectConfigurationPlatforms) = postSolution
		{B9AE064D-4D84-47A9-AF2A-9C94AB441B16}.Debug|Any CPU.ActiveCfg = Debug|Any CPU
		{B9AE064D-4D84-47A9-AF2A-9C94AB441B16}.Debug|Any CPU.Build.0 = Debug|Any CPU
		{B9AE064D-4D84-47A9-AF2A-9C94AB441B16}.Release|Any CPU.ActiveCfg = Release|Any CPU
		{B9AE064D-4D84-47A9-AF2A-9C94AB441B16}.Release|Any CPU.Build.0 = Release|Any CPU
	EndGlobalSection
	GlobalSection(SolutionProperties) = preSolution
		HideSolutionNode = FALSE
	EndGlobalSection
	GlobalSection(ExtensibilityGlobals) = postSolution
		SolutionGuid = {A1FE68DF-F10D-45E9-A2C3-FB45BB5265F7}
	EndGlobalSection
EndGlobal
