
Microsoft Visual Studio Solution File, Format Version 12.00
# Visual Studio 15
VisualStudioVersion = 15.0.27130.2010
MinimumVisualStudioVersion = 10.0.40219.1
Project("{FAE04EC0-301F-11D3-BF4B-00C04F79EFBC}") = "Small Clock", "Small Clock\Small Clock.csproj", "{DD121AE5-D503-44E3-93C2-553BC79283F5}"
EndProject
Global
	GlobalSection(SolutionConfigurationPlatforms) = preSolution
		Debug|Any CPU = Debug|Any CPU
		Release|Any CPU = Release|Any CPU
	EndGlobalSection
	GlobalSection(ProjectConfigurationPlatforms) = postSolution
		{DD121AE5-D503-44E3-93C2-553BC79283F5}.Debug|Any CPU.ActiveCfg = Debug|Any CPU
		{DD121AE5-D503-44E3-93C2-553BC79283F5}.Debug|Any CPU.Build.0 = Debug|Any CPU
		{DD121AE5-D503-44E3-93C2-553BC79283F5}.Release|Any CPU.ActiveCfg = Release|Any CPU
		{DD121AE5-D503-44E3-93C2-553BC79283F5}.Release|Any CPU.Build.0 = Release|Any CPU
	EndGlobalSection
	GlobalSection(SolutionProperties) = preSolution
		HideSolutionNode = FALSE
	EndGlobalSection
	GlobalSection(ExtensibilityGlobals) = postSolution
		SolutionGuid = {EE3642F5-A2E3-4226-B233-AAE6292DD926}
	EndGlobalSection
EndGlobal
