
Microsoft Visual Studio Solution File, Format Version 12.00
# Visual Studio 15
VisualStudioVersion = 15.0.27130.2010
MinimumVisualStudioVersion = 10.0.40219.1
Project("{FAE04EC0-301F-11D3-BF4B-00C04F79EFBC}") = "PixelDensityCalculator_Updated", "PixelDensityCalculator_Updated\PixelDensityCalculator_Updated.csproj", "{5865BC85-B3C3-46C2-BE2B-6046EF0FBFCF}"
EndProject
Global
	GlobalSection(SolutionConfigurationPlatforms) = preSolution
		Debug|Any CPU = Debug|Any CPU
		Release|Any CPU = Release|Any CPU
	EndGlobalSection
	GlobalSection(ProjectConfigurationPlatforms) = postSolution
		{5865BC85-B3C3-46C2-BE2B-6046EF0FBFCF}.Debug|Any CPU.ActiveCfg = Debug|Any CPU
		{5865BC85-B3C3-46C2-BE2B-6046EF0FBFCF}.Debug|Any CPU.Build.0 = Debug|Any CPU
		{5865BC85-B3C3-46C2-BE2B-6046EF0FBFCF}.Release|Any CPU.ActiveCfg = Release|Any CPU
		{5865BC85-B3C3-46C2-BE2B-6046EF0FBFCF}.Release|Any CPU.Build.0 = Release|Any CPU
	EndGlobalSection
	GlobalSection(SolutionProperties) = preSolution
		HideSolutionNode = FALSE
	EndGlobalSection
	GlobalSection(ExtensibilityGlobals) = postSolution
		SolutionGuid = {8E723D30-701C-4EA5-B652-CA68DA0ECC85}
	EndGlobalSection
EndGlobal
